
Microsoft Visual Studio Solution File, Format Version 12.00
# Visual Studio Version 16
VisualStudioVersion = 16.0.29215.179
MinimumVisualStudioVersion = 10.0.40219.1
Project("{8BC9CEB8-8B4A-11D0-8D11-00A0C91BC942}") = "OilSpillage", "OilSpillage\OilSpillage.vcxproj", "{94F2413F-589B-488F-AEA2-DA2D2488141B}"
EndProject
Global
	GlobalSection(SolutionConfigurationPlatforms) = preSolution
		Debug|x64 = Debug|x64
		Debug|x86 = Debug|x86
		Release|x64 = Release|x64
		Release|x86 = Release|x86
	EndGlobalSection
	GlobalSection(ProjectConfigurationPlatforms) = postSolution
		{94F2413F-589B-488F-AEA2-DA2D2488141B}.Debug|x64.ActiveCfg = Debug|x64
		{94F2413F-589B-488F-AEA2-DA2D2488141B}.Debug|x64.Build.0 = Debug|x64
		{94F2413F-589B-488F-AEA2-DA2D2488141B}.Debug|x86.ActiveCfg = Debug|Win32
		{94F2413F-589B-488F-AEA2-DA2D2488141B}.Debug|x86.Build.0 = Debug|Win32
		{94F2413F-589B-488F-AEA2-DA2D2488141B}.Release|x64.ActiveCfg = Release|x64
		{94F2413F-589B-488F-AEA2-DA2D2488141B}.Release|x64.Build.0 = Release|x64
		{94F2413F-589B-488F-AEA2-DA2D2488141B}.Release|x86.ActiveCfg = Release|Win32
		{94F2413F-589B-488F-AEA2-DA2D2488141B}.Release|x86.Build.0 = Release|Win32
	EndGlobalSection
	GlobalSection(SolutionProperties) = preSolution
		HideSolutionNode = FALSE
	EndGlobalSection
	GlobalSection(ExtensibilityGlobals) = postSolution
		SolutionGuid = {E6CEDD77-C3A3-4E0F-826E-90BD85A155D6}
	EndGlobalSection
EndGlobal
