<?xml version="1.0" encoding="utf-8"?>
<Project ToolsVersion="4.0" xmlns="http://schemas.microsoft.com/developer/msbuild/2003">
  <ItemGroup>
    <FxCompile Include="ComputeLightCulling.hlsl" />
    <FxCompile Include="DebugPS.hlsl" />
    <FxCompile Include="DebugVs.hlsl" />
    <FxCompile Include="PixelShader.hlsl" />
    <FxCompile Include="VertexShader.hlsl" />
    <FxCompile Include="Particle\ParticleCreateCS.hlsl" />
    <FxCompile Include="Particle\ParticleGS.hlsl" />
    <FxCompile Include="Particle\ParticlePS.hlsl" />
    <FxCompile Include="Particle\ParticleUpdateCS.hlsl" />
    <FxCompile Include="Particle\ParticleVS.hlsl" />
  </ItemGroup>
  <ItemGroup>
    <ClCompile Include="physics.cpp" />
    <ClCompile Include="AI\Actor.cpp" />
    <ClCompile Include="AI\ActorManager.cpp" />
    <ClCompile Include="AI\AStar.cpp" />
    <ClCompile Include="AI\Attacker.cpp" />
    <ClCompile Include="AI\Behaviour.cpp" />
    <ClCompile Include="AI\Node.cpp" />
    <ClCompile Include="DynamicCamera.cpp" />
    <ClCompile Include="Particle\ParticleSystem.cpp" />
    <ClCompile Include="PG\MapConfig.cpp" />
    <ClCompile Include="PG\Map.cpp" />
    <ClCompile Include="PG\MinimapTextureGenerator.cpp" />
    <ClCompile Include="PG\RoadGenerator.cpp" />
    <ClCompile Include="States\MenuGameState.cpp" />
    <ClCompile Include="States\PlayingGameState.cpp" />
    <ClCompile Include="PG\District.cpp" />
    <ClCompile Include="UI\Button.cpp" />
    <ClCompile Include="UI\CheckBox.cpp" />
    <ClCompile Include="UI\Element.cpp" />
    <ClCompile Include="game.cpp" />
    <ClCompile Include="GameObject.cpp" />
    <ClCompile Include="graphics.cpp" />
    <ClCompile Include="Graphic\Shaders.cpp" />
    <ClCompile Include="Input.cpp" />
    <ClCompile Include="ImGui\imgui.cpp" />
    <ClCompile Include="ImGui\imgui_demo.cpp" />
    <ClCompile Include="ImGui\imgui_draw.cpp" />
    <ClCompile Include="ImGui\imgui_impl_dx11.cpp" />
    <ClCompile Include="ImGui\imgui_impl_win32.cpp" />
    <ClCompile Include="ImGui\imgui_widgets.cpp" />
    <ClCompile Include="Importer\importerClass.cpp" />
    <ClCompile Include="lights.cpp" />
    <ClCompile Include="main.cpp" />
    <ClCompile Include="Mesh.cpp" />
    <ClCompile Include="PG\TileMap.cpp" />
    <ClCompile Include="PG\Voronoi.cpp" />
    <ClCompile Include="Resources\Debug.cpp" />
    <ClCompile Include="Sound.cpp" />
    <ClCompile Include="Road Network\RoadNet.cpp" />
    <ClCompile Include="Texture.cpp" />
    <ClCompile Include="UI\Slider.cpp" />
    <ClCompile Include="UI\UICredits.cpp" />
    <ClCompile Include="UI\UIMainMenu.cpp" />
    <ClCompile Include="UI\UIOptions.cpp" />
    <ClCompile Include="UI\UIPaused.cpp" />
    <ClCompile Include="UI\UIPlaying.cpp" />
    <ClCompile Include="UI\UserInterface.cpp" />
    <ClCompile Include="Vehicle.cpp" />
    <ClCompile Include="window.cpp" />
    <ClCompile Include="AI\Turret.cpp" />
    <ClCompile Include="QuadTree.cpp" />
    <ClCompile Include="UI\Minimap.cpp" />
    <ClCompile Include="PG\Profiler.cpp" />
    <ClCompile Include="Shadows\ShadowMapping.cpp" />
    <ClCompile Include="Objectives\Objective.cpp" />
    <ClCompile Include="Objectives\ObjectiveHandler.cpp" />
    <ClCompile Include="Weapon.cpp" />
    <ClCompile Include="PowerUp.cpp" />
    <ClCompile Include="UI\ObjectiveBox.cpp" />
    <ClCompile Include="AI\AIGroup.cpp" />
    <ClCompile Include="UI\UIControls.cpp" />
    <ClCompile Include="AI\TurretHandler.cpp" />
    <ClCompile Include="AI\Swarm.cpp" />
    <ClCompile Include="AI\Car_Spitfire.cpp" />
  </ItemGroup>
  <ItemGroup>
    <ClInclude Include="physics.h" />
    <ClInclude Include="AI\Actor.h" />
    <ClInclude Include="AI\ActorManager.h" />
    <ClInclude Include="AI\AStar.h" />
    <ClInclude Include="AI\Attacker.h" />
    <ClInclude Include="AI\Behaviour.h" />
    <ClInclude Include="AI\Node.h" />
    <ClInclude Include="Particle\ParticleSystem.h" />
    <ClInclude Include="PG\Map.hpp" />
    <ClInclude Include="PG\MinimapTextureGenerator.hpp" />
    <ClInclude Include="States\GameState.h" />
    <ClInclude Include="States\MenuGameState.h" />
    <ClInclude Include="States\PlayingGameState.h" />
    <ClInclude Include="PG\District.hpp" />
    <ClInclude Include="STB\stb_image_write.h" />
    <ClInclude Include="UI\Button.h" />
    <ClInclude Include="ConstantBuffer.h" />
    <ClInclude Include="DynamicCamera.h" />
    <ClInclude Include="UI\CheckBox.h" />
    <ClInclude Include="UI\Element.h" />
    <ClInclude Include="game.h" />
    <ClInclude Include="GameObject.h" />
    <ClInclude Include="graphics.h" />
    <ClInclude Include="Graphic\Shaders.h" />
    <ClInclude Include="ImGui\imconfig.h" />
    <ClInclude Include="ImGui\imgui.h" />
    <ClInclude Include="ImGui\imgui_impl_dx11.h" />
    <ClInclude Include="ImGui\imgui_impl_win32.h" />
    <ClInclude Include="ImGui\imgui_internal.h" />
    <ClInclude Include="ImGui\imstb_rectpack.h" />
    <ClInclude Include="ImGui\imstb_textedit.h" />
    <ClInclude Include="ImGui\imstb_truetype.h" />
    <ClInclude Include="Importer\importerClass.h" />
    <ClInclude Include="Importer\meshFormat.h" />
    <ClInclude Include="IndexBuffer.h" />
    <ClInclude Include="Input.h" />
    <ClInclude Include="Lights.h" />
    <ClInclude Include="Mesh.h" />
    <ClInclude Include="PG\MapConfig.hpp" />
    <ClInclude Include="PG\defs.hpp" />
    <ClInclude Include="PG\Direction.hpp" />
    <ClInclude Include="PG\TileMap.hpp" />
    <ClInclude Include="PG\RandomSegments.hpp" />
    <ClInclude Include="PG\Tile.hpp" />
    <ClInclude Include="PG\utils.hpp" />
    <ClInclude Include="PG\Voronoi.hpp" />
    <ClInclude Include="PG\RoadGenerator.hpp" />
    <ClInclude Include="Resources\Debug.h" />
    <ClInclude Include="Sound.h" />
    <ClInclude Include="Road Network\RoadNet.h" />
    <ClInclude Include="Structs.h" />
    <ClInclude Include="Texture.h" />
    <ClInclude Include="UI\Slider.h" />
    <ClInclude Include="UI\UICredits.h" />
    <ClInclude Include="UI\UIMainMenu.h" />
    <ClInclude Include="UI\UIOptions.h" />
    <ClInclude Include="UI\UIPaused.h" />
    <ClInclude Include="UI\UIPlaying.h" />
    <ClInclude Include="UI\UserInterface.h" />
    <ClInclude Include="Vehicle.h" />
    <ClInclude Include="VehicleStats.h" />
    <ClInclude Include="VertexBuffer.h" />
    <ClInclude Include="window.h" />
    <ClInclude Include="AI\Turret.h" />
    <ClInclude Include="Frustum.h" />
    <ClInclude Include="QuadTree.h" />
    <ClInclude Include="STB\stb_image.h" />
    <ClInclude Include="UI\Minimap.h" />
    <ClInclude Include="PG\Profiler.hpp" />
    <ClInclude Include="Shadows\ShadowMapping.h" />
    <ClInclude Include="Weapon.h" />
    <ClInclude Include="Powerup.h" />
    <ClInclude Include="Objectives\Objective.h" />
    <ClInclude Include="Objectives\ObjectiveHandler.h" />
    <ClInclude Include="UI\ObjectiveBox.h" />
    <ClInclude Include="AI\AIGroup.h" />
    <ClInclude Include="UI\UIControls.h" />
    <ClInclude Include="AI\TurretHandler.h" />
    <ClInclude Include="AI\Swarm.h" />
    <ClInclude Include="AI\Car_Spitfire.h" />
  </ItemGroup>
  <ItemGroup>
    <FxCompile Include="VertexShader.hlsl">
      <Filter>Shaders</Filter>
    </FxCompile>
    <FxCompile Include="PixelShader.hlsl">
      <Filter>Shaders</Filter>
    </FxCompile>
    <FxCompile Include="DebugVs.hlsl">
      <Filter>Shaders</Filter>
    </FxCompile>
    <FxCompile Include="DebugPS.hlsl">
      <Filter>Shaders</Filter>
    </FxCompile>
    <FxCompile Include="ComputeLightCulling.hlsl" />
    <FxCompile Include="Shadows\SimpleVS.hlsl" />
  </ItemGroup>
  <ItemGroup>
    <None Include="ShaderDefines.hlsli" />
    <None Include="packages.config" />
  </ItemGroup>
</Project>